// !$*UTF8*$!
{
	archiveVersion = 1;
	classes = {
	};
	objectVersion = 50;
	objects = {

/* Begin PBXBuildFile section */
		C61FDBA422E09CB900D0D4E4 /* AppDelegate.swift in Sources */ = {isa = PBXBuildFile; fileRef = C61FDBA322E09CB900D0D4E4 /* AppDelegate.swift */; };
		C61FDBA622E09CB900D0D4E4 /* DesignCodeViewController.swift in Sources */ = {isa = PBXBuildFile; fileRef = C61FDBA522E09CB900D0D4E4 /* DesignCodeViewController.swift */; };
		C61FDBA922E09CB900D0D4E4 /* Main.storyboard in Resources */ = {isa = PBXBuildFile; fileRef = C61FDBA722E09CB900D0D4E4 /* Main.storyboard */; };
		C61FDBAB22E09CBB00D0D4E4 /* Assets.xcassets in Resources */ = {isa = PBXBuildFile; fileRef = C61FDBAA22E09CBB00D0D4E4 /* Assets.xcassets */; };
		C61FDBAE22E09CBB00D0D4E4 /* LaunchScreen.storyboard in Resources */ = {isa = PBXBuildFile; fileRef = C61FDBAC22E09CBB00D0D4E4 /* LaunchScreen.storyboard */; };
		C61FDBD422E0A8A800D0D4E4 /* HomeViewController.swift in Sources */ = {isa = PBXBuildFile; fileRef = C61FDBD322E0A8A800D0D4E4 /* HomeViewController.swift */; };
		C61FDBD622E0A8C000D0D4E4 /* HomeCollectionViewCell.swift in Sources */ = {isa = PBXBuildFile; fileRef = C61FDBD522E0A8C000D0D4E4 /* HomeCollectionViewCell.swift */; };
		C62B000123339A9A00645BDD /* GetPostServiceCall.swift in Sources */ = {isa = PBXBuildFile; fileRef = C62B000023339A9A00645BDD /* GetPostServiceCall.swift */; };
		C62BFFFF233399AB00645BDD /* HomeSer.swift in Sources */ = {isa = PBXBuildFile; fileRef = C62BFFFE233399AB00645BDD /* HomeSer.swift */; };
		C685A5832308539400DB6898 /* Alert.swift in Sources */ = {isa = PBXBuildFile; fileRef = C685A5822308539400DB6898 /* Alert.swift */; };
		C69996802329010500A6D20C /* Validations.swift in Sources */ = {isa = PBXBuildFile; fileRef = C699967F2329010500A6D20C /* Validations.swift */; };
		C6A2EF6522F096EF000883EB /* RoughViewController.swift in Sources */ = {isa = PBXBuildFile; fileRef = C6A2EF6422F096EF000883EB /* RoughViewController.swift */; };
		C6B2F35022EDABA600291B8C /* PaymentOptionsViewController.swift in Sources */ = {isa = PBXBuildFile; fileRef = C6B2F34F22EDABA600291B8C /* PaymentOptionsViewController.swift */; };
		C6B2F35222EDB89000291B8C /* PaymentOptionsTableViewCell.swift in Sources */ = {isa = PBXBuildFile; fileRef = C6B2F35122EDB89000291B8C /* PaymentOptionsTableViewCell.swift */; };
		C6B3290422E8C3E5000F6ABE /* PaymentDetailsViewController.swift in Sources */ = {isa = PBXBuildFile; fileRef = C6B3290322E8C3E5000F6ABE /* PaymentDetailsViewController.swift */; };
		C6B41DE4231EDD56008827E7 /* ENSideMenu.swift in Sources */ = {isa = PBXBuildFile; fileRef = C6B41DE0231EDD56008827E7 /* ENSideMenu.swift */; };
		C6B41DE5231EDD56008827E7 /* MyMenuTableViewController.swift in Sources */ = {isa = PBXBuildFile; fileRef = C6B41DE1231EDD56008827E7 /* MyMenuTableViewController.swift */; };
		C6B41DE6231EDD56008827E7 /* ENSideMenuNavigationController.swift in Sources */ = {isa = PBXBuildFile; fileRef = C6B41DE2231EDD56008827E7 /* ENSideMenuNavigationController.swift */; };
		C6B41DE7231EDD56008827E7 /* MyNavigationController.swift in Sources */ = {isa = PBXBuildFile; fileRef = C6B41DE3231EDD56008827E7 /* MyNavigationController.swift */; };
		C6B41DEA231EDD7C008827E7 /* ContactUsViewController.swift in Sources */ = {isa = PBXBuildFile; fileRef = C6B41DE8231EDD7B008827E7 /* ContactUsViewController.swift */; };
		C6B41DEB231EDD7C008827E7 /* AboutUsController.swift in Sources */ = {isa = PBXBuildFile; fileRef = C6B41DE9231EDD7C008827E7 /* AboutUsController.swift */; };
		C6B41DEF231EDF45008827E7 /* KeychainWrapper.swift in Sources */ = {isa = PBXBuildFile; fileRef = C6B41DED231EDF44008827E7 /* KeychainWrapper.swift */; };
		C6B41DF0231EDF45008827E7 /* KeychainItemAccessibility.swift in Sources */ = {isa = PBXBuildFile; fileRef = C6B41DEE231EDF44008827E7 /* KeychainItemAccessibility.swift */; };
		C6C7538D232771EA00659D56 /* TermsandConditionsViewController.swift in Sources */ = {isa = PBXBuildFile; fileRef = C6C7538C232771EA00659D56 /* TermsandConditionsViewController.swift */; };
		C6C7538F23277BBB00659D56 /* PrivacyPolicyViewController.swift in Sources */ = {isa = PBXBuildFile; fileRef = C6C7538E23277BBB00659D56 /* PrivacyPolicyViewController.swift */; };
		C6C7539123277E3400659D56 /* FeedBackViewController.swift in Sources */ = {isa = PBXBuildFile; fileRef = C6C7539023277E3400659D56 /* FeedBackViewController.swift */; };
		C6D846EB22F2BC8500B8005C /* RegistrationViewController.swift in Sources */ = {isa = PBXBuildFile; fileRef = C6D846EA22F2BC8500B8005C /* RegistrationViewController.swift */; };
		C6D846ED22F2BCA100B8005C /* LoginViewController.swift in Sources */ = {isa = PBXBuildFile; fileRef = C6D846EC22F2BCA100B8005C /* LoginViewController.swift */; };
		C6F6F63722E3259F002F693D /* MakePaymentViewController.swift in Sources */ = {isa = PBXBuildFile; fileRef = C6F6F63622E3259F002F693D /* MakePaymentViewController.swift */; };
/* End PBXBuildFile section */

/* Begin PBXFileReference section */
		C61FDBA022E09CB900D0D4E4 /* PayStar.app */ = {isa = PBXFileReference; explicitFileType = wrapper.application; includeInIndex = 0; path = PayStar.app; sourceTree = BUILT_PRODUCTS_DIR; };
		C61FDBA322E09CB900D0D4E4 /* AppDelegate.swift */ = {isa = PBXFileReference; lastKnownFileType = sourcecode.swift; path = AppDelegate.swift; sourceTree = "<group>"; };
		C61FDBA522E09CB900D0D4E4 /* DesignCodeViewController.swift */ = {isa = PBXFileReference; lastKnownFileType = sourcecode.swift; path = DesignCodeViewController.swift; sourceTree = "<group>"; };
		C61FDBA822E09CB900D0D4E4 /* Base */ = {isa = PBXFileReference; lastKnownFileType = file.storyboard; name = Base; path = Base.lproj/Main.storyboard; sourceTree = "<group>"; };
		C61FDBAA22E09CBB00D0D4E4 /* Assets.xcassets */ = {isa = PBXFileReference; lastKnownFileType = folder.assetcatalog; path = Assets.xcassets; sourceTree = "<group>"; };
		C61FDBAD22E09CBB00D0D4E4 /* Base */ = {isa = PBXFileReference; lastKnownFileType = file.storyboard; name = Base; path = Base.lproj/LaunchScreen.storyboard; sourceTree = "<group>"; };
		C61FDBAF22E09CBB00D0D4E4 /* Info.plist */ = {isa = PBXFileReference; lastKnownFileType = text.plist.xml; path = Info.plist; sourceTree = "<group>"; };
		C61FDBD322E0A8A800D0D4E4 /* HomeViewController.swift */ = {isa = PBXFileReference; lastKnownFileType = sourcecode.swift; path = HomeViewController.swift; sourceTree = "<group>"; };
		C61FDBD522E0A8C000D0D4E4 /* HomeCollectionViewCell.swift */ = {isa = PBXFileReference; lastKnownFileType = sourcecode.swift; path = HomeCollectionViewCell.swift; sourceTree = "<group>"; };
		C62B000023339A9A00645BDD /* GetPostServiceCall.swift */ = {isa = PBXFileReference; lastKnownFileType = sourcecode.swift; path = GetPostServiceCall.swift; sourceTree = "<group>"; };
		C62BFFFE233399AB00645BDD /* HomeSer.swift */ = {isa = PBXFileReference; lastKnownFileType = sourcecode.swift; path = HomeSer.swift; sourceTree = "<group>"; };
		C685A5822308539400DB6898 /* Alert.swift */ = {isa = PBXFileReference; lastKnownFileType = sourcecode.swift; path = Alert.swift; sourceTree = "<group>"; };
		C699967F2329010500A6D20C /* Validations.swift */ = {isa = PBXFileReference; lastKnownFileType = sourcecode.swift; path = Validations.swift; sourceTree = "<group>"; };
		C6A2EF6422F096EF000883EB /* RoughViewController.swift */ = {isa = PBXFileReference; lastKnownFileType = sourcecode.swift; path = RoughViewController.swift; sourceTree = "<group>"; };
		C6B2F34F22EDABA600291B8C /* PaymentOptionsViewController.swift */ = {isa = PBXFileReference; lastKnownFileType = sourcecode.swift; path = PaymentOptionsViewController.swift; sourceTree = "<group>"; };
		C6B2F35122EDB89000291B8C /* PaymentOptionsTableViewCell.swift */ = {isa = PBXFileReference; lastKnownFileType = sourcecode.swift; path = PaymentOptionsTableViewCell.swift; sourceTree = "<group>"; };
		C6B3290322E8C3E5000F6ABE /* PaymentDetailsViewController.swift */ = {isa = PBXFileReference; lastKnownFileType = sourcecode.swift; path = PaymentDetailsViewController.swift; sourceTree = "<group>"; };
		C6B41DE0231EDD56008827E7 /* ENSideMenu.swift */ = {isa = PBXFileReference; fileEncoding = 4; lastKnownFileType = sourcecode.swift; path = ENSideMenu.swift; sourceTree = "<group>"; };
		C6B41DE1231EDD56008827E7 /* MyMenuTableViewController.swift */ = {isa = PBXFileReference; fileEncoding = 4; lastKnownFileType = sourcecode.swift; path = MyMenuTableViewController.swift; sourceTree = "<group>"; };
		C6B41DE2231EDD56008827E7 /* ENSideMenuNavigationController.swift */ = {isa = PBXFileReference; fileEncoding = 4; lastKnownFileType = sourcecode.swift; path = ENSideMenuNavigationController.swift; sourceTree = "<group>"; };
		C6B41DE3231EDD56008827E7 /* MyNavigationController.swift */ = {isa = PBXFileReference; fileEncoding = 4; lastKnownFileType = sourcecode.swift; path = MyNavigationController.swift; sourceTree = "<group>"; };
		C6B41DE8231EDD7B008827E7 /* ContactUsViewController.swift */ = {isa = PBXFileReference; fileEncoding = 4; lastKnownFileType = sourcecode.swift; path = ContactUsViewController.swift; sourceTree = "<group>"; };
		C6B41DE9231EDD7C008827E7 /* AboutUsController.swift */ = {isa = PBXFileReference; fileEncoding = 4; lastKnownFileType = sourcecode.swift; path = AboutUsController.swift; sourceTree = "<group>"; };
		C6B41DED231EDF44008827E7 /* KeychainWrapper.swift */ = {isa = PBXFileReference; fileEncoding = 4; lastKnownFileType = sourcecode.swift; path = KeychainWrapper.swift; sourceTree = "<group>"; };
		C6B41DEE231EDF44008827E7 /* KeychainItemAccessibility.swift */ = {isa = PBXFileReference; fileEncoding = 4; lastKnownFileType = sourcecode.swift; path = KeychainItemAccessibility.swift; sourceTree = "<group>"; };
		C6C7538C232771EA00659D56 /* TermsandConditionsViewController.swift */ = {isa = PBXFileReference; lastKnownFileType = sourcecode.swift; path = TermsandConditionsViewController.swift; sourceTree = "<group>"; };
		C6C7538E23277BBB00659D56 /* PrivacyPolicyViewController.swift */ = {isa = PBXFileReference; lastKnownFileType = sourcecode.swift; path = PrivacyPolicyViewController.swift; sourceTree = "<group>"; };
		C6C7539023277E3400659D56 /* FeedBackViewController.swift */ = {isa = PBXFileReference; lastKnownFileType = sourcecode.swift; path = FeedBackViewController.swift; sourceTree = "<group>"; };
		C6D846EA22F2BC8500B8005C /* RegistrationViewController.swift */ = {isa = PBXFileReference; lastKnownFileType = sourcecode.swift; path = RegistrationViewController.swift; sourceTree = "<group>"; };
		C6D846EC22F2BCA100B8005C /* LoginViewController.swift */ = {isa = PBXFileReference; lastKnownFileType = sourcecode.swift; path = LoginViewController.swift; sourceTree = "<group>"; };
		C6F6F63622E3259F002F693D /* MakePaymentViewController.swift */ = {isa = PBXFileReference; lastKnownFileType = sourcecode.swift; path = MakePaymentViewController.swift; sourceTree = "<group>"; };
/* End PBXFileReference section */

/* Begin PBXFrameworksBuildPhase section */
		C61FDB9D22E09CB900D0D4E4 /* Frameworks */ = {
			isa = PBXFrameworksBuildPhase;
			buildActionMask = 2147483647;
			files = (
			);
			runOnlyForDeploymentPostprocessing = 0;
		};
/* End PBXFrameworksBuildPhase section */

/* Begin PBXGroup section */
		C61FDB9722E09CB900D0D4E4 = {
			isa = PBXGroup;
			children = (
				C61FDBA222E09CB900D0D4E4 /* PayStar */,
				C61FDBAF22E09CBB00D0D4E4 /* Info.plist */,
				C61FDBA122E09CB900D0D4E4 /* Products */,
			);
			sourceTree = "<group>";
		};
		C61FDBA122E09CB900D0D4E4 /* Products */ = {
			isa = PBXGroup;
			children = (
				C61FDBA022E09CB900D0D4E4 /* PayStar.app */,
			);
			name = Products;
			sourceTree = "<group>";
		};
		C61FDBA222E09CB900D0D4E4 /* PayStar */ = {
			isa = PBXGroup;
			children = (
				C62B000223339CF300645BDD /* Model */,
				C62B000923339FAF00645BDD /* View */,
				C62B000A2333A04600645BDD /* Controllers */,
				C61FDBA322E09CB900D0D4E4 /* AppDelegate.swift */,
			);
			path = PayStar;
			sourceTree = "<group>";
		};
		C62B000223339CF300645BDD /* Model */ = {
			isa = PBXGroup;
			children = (
				C62BFFFE233399AB00645BDD /* HomeSer.swift */,
				C62B000023339A9A00645BDD /* GetPostServiceCall.swift */,
				C6A150062309C4D30095F25E /* HelpingClass */,
			);
			path = Model;
			sourceTree = "<group>";
		};
		C62B000923339FAF00645BDD /* View */ = {
			isa = PBXGroup;
			children = (
				C61FDBAC22E09CBB00D0D4E4 /* LaunchScreen.storyboard */,
				C61FDBAA22E09CBB00D0D4E4 /* Assets.xcassets */,
				C61FDBA722E09CB900D0D4E4 /* Main.storyboard */,
			);
			path = View;
			sourceTree = "<group>";
		};
		C62B000A2333A04600645BDD /* Controllers */ = {
			isa = PBXGroup;
			children = (
				C6B41DDF231EDD56008827E7 /* SideMenuCode */,
				C6B41DEC231EDF44008827E7 /* KeyChainWrapper */,
				C62BFFFD2333959C00645BDD /* LoginControls */,
				C62B000C2333A12700645BDD /* Home */,
				C62B000D2333A16700645BDD /* Payment */,
				C62BFFFC233394F700645BDD /* SideMenuControls */,
				C6A2EF6422F096EF000883EB /* RoughViewController.swift */,
			);
			path = Controllers;
			sourceTree = "<group>";
		};
		C62B000C2333A12700645BDD /* Home */ = {
			isa = PBXGroup;
			children = (
				C61FDBD522E0A8C000D0D4E4 /* HomeCollectionViewCell.swift */,
				C61FDBD322E0A8A800D0D4E4 /* HomeViewController.swift */,
			);
			path = Home;
			sourceTree = "<group>";
		};
		C62B000D2333A16700645BDD /* Payment */ = {
			isa = PBXGroup;
			children = (
				C6F6F63622E3259F002F693D /* MakePaymentViewController.swift */,
				C6B2F34F22EDABA600291B8C /* PaymentOptionsViewController.swift */,
				C6B2F35122EDB89000291B8C /* PaymentOptionsTableViewCell.swift */,
				C6B3290322E8C3E5000F6ABE /* PaymentDetailsViewController.swift */,
			);
			path = Payment;
			sourceTree = "<group>";
		};
		C62BFFFC233394F700645BDD /* SideMenuControls */ = {
			isa = PBXGroup;
			children = (
				C6B41DE9231EDD7C008827E7 /* AboutUsController.swift */,
				C6C7538E23277BBB00659D56 /* PrivacyPolicyViewController.swift */,
				C6C7538C232771EA00659D56 /* TermsandConditionsViewController.swift */,
				C6C7539023277E3400659D56 /* FeedBackViewController.swift */,
				C6B41DE8231EDD7B008827E7 /* ContactUsViewController.swift */,
			);
			path = SideMenuControls;
			sourceTree = "<group>";
		};
		C62BFFFD2333959C00645BDD /* LoginControls */ = {
			isa = PBXGroup;
			children = (
				C6D846EA22F2BC8500B8005C /* RegistrationViewController.swift */,
				C6D846EC22F2BCA100B8005C /* LoginViewController.swift */,
				C61FDBA522E09CB900D0D4E4 /* DesignCodeViewController.swift */,
			);
			path = LoginControls;
			sourceTree = "<group>";
		};
		C6A150062309C4D30095F25E /* HelpingClass */ = {
			isa = PBXGroup;
			children = (
				C685A5822308539400DB6898 /* Alert.swift */,
				C699967F2329010500A6D20C /* Validations.swift */,
			);
			path = HelpingClass;
			sourceTree = "<group>";
		};
		C6B41DDF231EDD56008827E7 /* SideMenuCode */ = {
			isa = PBXGroup;
			children = (
				C6B41DE0231EDD56008827E7 /* ENSideMenu.swift */,
				C6B41DE1231EDD56008827E7 /* MyMenuTableViewController.swift */,
				C6B41DE2231EDD56008827E7 /* ENSideMenuNavigationController.swift */,
				C6B41DE3231EDD56008827E7 /* MyNavigationController.swift */,
			);
			path = SideMenuCode;
			sourceTree = "<group>";
		};
		C6B41DEC231EDF44008827E7 /* KeyChainWrapper */ = {
			isa = PBXGroup;
			children = (
				C6B41DED231EDF44008827E7 /* KeychainWrapper.swift */,
				C6B41DEE231EDF44008827E7 /* KeychainItemAccessibility.swift */,
			);
			path = KeyChainWrapper;
			sourceTree = "<group>";
		};
/* End PBXGroup section */

/* Begin PBXNativeTarget section */
		C61FDB9F22E09CB900D0D4E4 /* PayStar */ = {
			isa = PBXNativeTarget;
			buildConfigurationList = C61FDBB222E09CBB00D0D4E4 /* Build configuration list for PBXNativeTarget "PayStar" */;
			buildPhases = (
				C61FDB9C22E09CB900D0D4E4 /* Sources */,
				C61FDB9D22E09CB900D0D4E4 /* Frameworks */,
				C61FDB9E22E09CB900D0D4E4 /* Resources */,
			);
			buildRules = (
			);
			dependencies = (
			);
			name = PayStar;
			productName = PayStar;
			productReference = C61FDBA022E09CB900D0D4E4 /* PayStar.app */;
			productType = "com.apple.product-type.application";
		};
/* End PBXNativeTarget section */

/* Begin PBXProject section */
		C61FDB9822E09CB900D0D4E4 /* Project object */ = {
			isa = PBXProject;
			attributes = {
				LastSwiftUpdateCheck = 1020;
				LastUpgradeCheck = 1020;
				ORGANIZATIONNAME = SwapnaBotta;
				TargetAttributes = {
					C61FDB9F22E09CB900D0D4E4 = {
						CreatedOnToolsVersion = 10.2.1;
					};
				};
			};
			buildConfigurationList = C61FDB9B22E09CB900D0D4E4 /* Build configuration list for PBXProject "PayStar" */;
			compatibilityVersion = "Xcode 9.3";
			developmentRegion = en;
			hasScannedForEncodings = 0;
			knownRegions = (
				en,
				Base,
			);
			mainGroup = C61FDB9722E09CB900D0D4E4;
			productRefGroup = C61FDBA122E09CB900D0D4E4 /* Products */;
			projectDirPath = "";
			projectRoot = "";
			targets = (
				C61FDB9F22E09CB900D0D4E4 /* PayStar */,
			);
		};
/* End PBXProject section */

/* Begin PBXResourcesBuildPhase section */
		C61FDB9E22E09CB900D0D4E4 /* Resources */ = {
			isa = PBXResourcesBuildPhase;
			buildActionMask = 2147483647;
			files = (
				C61FDBAE22E09CBB00D0D4E4 /* LaunchScreen.storyboard in Resources */,
				C61FDBAB22E09CBB00D0D4E4 /* Assets.xcassets in Resources */,
				C61FDBA922E09CB900D0D4E4 /* Main.storyboard in Resources */,
			);
			runOnlyForDeploymentPostprocessing = 0;
		};
/* End PBXResourcesBuildPhase section */

/* Begin PBXSourcesBuildPhase section */
		C61FDB9C22E09CB900D0D4E4 /* Sources */ = {
			isa = PBXSourcesBuildPhase;
			buildActionMask = 2147483647;
			files = (
				C6A2EF6522F096EF000883EB /* RoughViewController.swift in Sources */,
				C61FDBA622E09CB900D0D4E4 /* DesignCodeViewController.swift in Sources */,
				C6F6F63722E3259F002F693D /* MakePaymentViewController.swift in Sources */,
				C6B41DEF231EDF45008827E7 /* KeychainWrapper.swift in Sources */,
				C69996802329010500A6D20C /* Validations.swift in Sources */,
				C6B41DE7231EDD56008827E7 /* MyNavigationController.swift in Sources */,
				C6D846ED22F2BCA100B8005C /* LoginViewController.swift in Sources */,
				C6B41DEA231EDD7C008827E7 /* ContactUsViewController.swift in Sources */,
				C6D846EB22F2BC8500B8005C /* RegistrationViewController.swift in Sources */,
				C6B2F35222EDB89000291B8C /* PaymentOptionsTableViewCell.swift in Sources */,
				C6C7538D232771EA00659D56 /* TermsandConditionsViewController.swift in Sources */,
				C6B41DE6231EDD56008827E7 /* ENSideMenuNavigationController.swift in Sources */,
				C61FDBA422E09CB900D0D4E4 /* AppDelegate.swift in Sources */,
				C6B2F35022EDABA600291B8C /* PaymentOptionsViewController.swift in Sources */,
				C61FDBD422E0A8A800D0D4E4 /* HomeViewController.swift in Sources */,
				C6B3290422E8C3E5000F6ABE /* PaymentDetailsViewController.swift in Sources */,
				C6B41DE5231EDD56008827E7 /* MyMenuTableViewController.swift in Sources */,
				C6B41DE4231EDD56008827E7 /* ENSideMenu.swift in Sources */,
				C6B41DEB231EDD7C008827E7 /* AboutUsController.swift in Sources */,
				C6C7539123277E3400659D56 /* FeedBackViewController.swift in Sources */,
				C685A5832308539400DB6898 /* Alert.swift in Sources */,
				C6C7538F23277BBB00659D56 /* PrivacyPolicyViewController.swift in Sources */,
				C62BFFFF233399AB00645BDD /* HomeSer.swift in Sources */,
				C61FDBD622E0A8C000D0D4E4 /* HomeCollectionViewCell.swift in Sources */,
				C62B000123339A9A00645BDD /* GetPostServiceCall.swift in Sources */,
				C6B41DF0231EDF45008827E7 /* KeychainItemAccessibility.swift in Sources */,
			);
			runOnlyForDeploymentPostprocessing = 0;
		};
/* End PBXSourcesBuildPhase section */

/* Begin PBXVariantGroup section */
		C61FDBA722E09CB900D0D4E4 /* Main.storyboard */ = {
			isa = PBXVariantGroup;
			children = (
				C61FDBA822E09CB900D0D4E4 /* Base */,
			);
			name = Main.storyboard;
			sourceTree = "<group>";
		};
		C61FDBAC22E09CBB00D0D4E4 /* LaunchScreen.storyboard */ = {
			isa = PBXVariantGroup;
			children = (
				C61FDBAD22E09CBB00D0D4E4 /* Base */,
			);
			name = LaunchScreen.storyboard;
			sourceTree = "<group>";
		};
/* End PBXVariantGroup section */

/* Begin XCBuildConfiguration section */
		C61FDBB022E09CBB00D0D4E4 /* Debug */ = {
			isa = XCBuildConfiguration;
			buildSettings = {
				ALWAYS_SEARCH_USER_PATHS = NO;
				CLANG_ANALYZER_NONNULL = YES;
				CLANG_ANALYZER_NUMBER_OBJECT_CONVERSION = YES_AGGRESSIVE;
				CLANG_CXX_LANGUAGE_STANDARD = "gnu++14";
				CLANG_CXX_LIBRARY = "libc++";
				CLANG_ENABLE_MODULES = YES;
				CLANG_ENABLE_OBJC_ARC = YES;
				CLANG_ENABLE_OBJC_WEAK = YES;
				CLANG_WARN_BLOCK_CAPTURE_AUTORELEASING = YES;
				CLANG_WARN_BOOL_CONVERSION = YES;
				CLANG_WARN_COMMA = YES;
				CLANG_WARN_CONSTANT_CONVERSION = YES;
				CLANG_WARN_DEPRECATED_OBJC_IMPLEMENTATIONS = YES;
				CLANG_WARN_DIRECT_OBJC_ISA_USAGE = YES_ERROR;
				CLANG_WARN_DOCUMENTATION_COMMENTS = YES;
				CLANG_WARN_EMPTY_BODY = YES;
				CLANG_WARN_ENUM_CONVERSION = YES;
				CLANG_WARN_INFINITE_RECURSION = YES;
				CLANG_WARN_INT_CONVERSION = YES;
				CLANG_WARN_NON_LITERAL_NULL_CONVERSION = YES;
				CLANG_WARN_OBJC_IMPLICIT_RETAIN_SELF = YES;
				CLANG_WARN_OBJC_LITERAL_CONVERSION = YES;
				CLANG_WARN_OBJC_ROOT_CLASS = YES_ERROR;
				CLANG_WARN_RANGE_LOOP_ANALYSIS = YES;
				CLANG_WARN_STRICT_PROTOTYPES = YES;
				CLANG_WARN_SUSPICIOUS_MOVE = YES;
				CLANG_WARN_UNGUARDED_AVAILABILITY = YES_AGGRESSIVE;
				CLANG_WARN_UNREACHABLE_CODE = YES;
				CLANG_WARN__DUPLICATE_METHOD_MATCH = YES;
				CODE_SIGN_IDENTITY = "iPhone Developer";
				COPY_PHASE_STRIP = NO;
				DEBUG_INFORMATION_FORMAT = dwarf;
				ENABLE_STRICT_OBJC_MSGSEND = YES;
				ENABLE_TESTABILITY = YES;
				GCC_C_LANGUAGE_STANDARD = gnu11;
				GCC_DYNAMIC_NO_PIC = NO;
				GCC_NO_COMMON_BLOCKS = YES;
				GCC_OPTIMIZATION_LEVEL = 0;
				GCC_PREPROCESSOR_DEFINITIONS = (
					"DEBUG=1",
					"$(inherited)",
				);
				GCC_WARN_64_TO_32_BIT_CONVERSION = YES;
				GCC_WARN_ABOUT_RETURN_TYPE = YES_ERROR;
				GCC_WARN_UNDECLARED_SELECTOR = YES;
				GCC_WARN_UNINITIALIZED_AUTOS = YES_AGGRESSIVE;
				GCC_WARN_UNUSED_FUNCTION = YES;
				GCC_WARN_UNUSED_VARIABLE = YES;
				IPHONEOS_DEPLOYMENT_TARGET = 12.2;
				MTL_ENABLE_DEBUG_INFO = INCLUDE_SOURCE;
				MTL_FAST_MATH = YES;
				ONLY_ACTIVE_ARCH = YES;
				SDKROOT = iphoneos;
				SWIFT_ACTIVE_COMPILATION_CONDITIONS = DEBUG;
				SWIFT_OPTIMIZATION_LEVEL = "-Onone";
			};
			name = Debug;
		};
		C61FDBB122E09CBB00D0D4E4 /* Release */ = {
			isa = XCBuildConfiguration;
			buildSettings = {
				ALWAYS_SEARCH_USER_PATHS = NO;
				CLANG_ANALYZER_NONNULL = YES;
				CLANG_ANALYZER_NUMBER_OBJECT_CONVERSION = YES_AGGRESSIVE;
				CLANG_CXX_LANGUAGE_STANDARD = "gnu++14";
				CLANG_CXX_LIBRARY = "libc++";
				CLANG_ENABLE_MODULES = YES;
				CLANG_ENABLE_OBJC_ARC = YES;
				CLANG_ENABLE_OBJC_WEAK = YES;
				CLANG_WARN_BLOCK_CAPTURE_AUTORELEASING = YES;
				CLANG_WARN_BOOL_CONVERSION = YES;
				CLANG_WARN_COMMA = YES;
				CLANG_WARN_CONSTANT_CONVERSION = YES;
				CLANG_WARN_DEPRECATED_OBJC_IMPLEMENTATIONS = YES;
				CLANG_WARN_DIRECT_OBJC_ISA_USAGE = YES_ERROR;
				CLANG_WARN_DOCUMENTATION_COMMENTS = YES;
				CLANG_WARN_EMPTY_BODY = YES;
				CLANG_WARN_ENUM_CONVERSION = YES;
				CLANG_WARN_INFINITE_RECURSION = YES;
				CLANG_WARN_INT_CONVERSION = YES;
				CLANG_WARN_NON_LITERAL_NULL_CONVERSION = YES;
				CLANG_WARN_OBJC_IMPLICIT_RETAIN_SELF = YES;
				CLANG_WARN_OBJC_LITERAL_CONVERSION = YES;
				CLANG_WARN_OBJC_ROOT_CLASS = YES_ERROR;
				CLANG_WARN_RANGE_LOOP_ANALYSIS = YES;
				CLANG_WARN_STRICT_PROTOTYPES = YES;
				CLANG_WARN_SUSPICIOUS_MOVE = YES;
				CLANG_WARN_UNGUARDED_AVAILABILITY = YES_AGGRESSIVE;
				CLANG_WARN_UNREACHABLE_CODE = YES;
				CLANG_WARN__DUPLICATE_METHOD_MATCH = YES;
				CODE_SIGN_IDENTITY = "iPhone Developer";
				COPY_PHASE_STRIP = NO;
				DEBUG_INFORMATION_FORMAT = "dwarf-with-dsym";
				ENABLE_NS_ASSERTIONS = NO;
				ENABLE_STRICT_OBJC_MSGSEND = YES;
				GCC_C_LANGUAGE_STANDARD = gnu11;
				GCC_NO_COMMON_BLOCKS = YES;
				GCC_WARN_64_TO_32_BIT_CONVERSION = YES;
				GCC_WARN_ABOUT_RETURN_TYPE = YES_ERROR;
				GCC_WARN_UNDECLARED_SELECTOR = YES;
				GCC_WARN_UNINITIALIZED_AUTOS = YES_AGGRESSIVE;
				GCC_WARN_UNUSED_FUNCTION = YES;
				GCC_WARN_UNUSED_VARIABLE = YES;
				IPHONEOS_DEPLOYMENT_TARGET = 12.2;
				MTL_ENABLE_DEBUG_INFO = NO;
				MTL_FAST_MATH = YES;
				SDKROOT = iphoneos;
				SWIFT_COMPILATION_MODE = wholemodule;
				SWIFT_OPTIMIZATION_LEVEL = "-O";
				VALIDATE_PRODUCT = YES;
			};
			name = Release;
		};
		C61FDBB322E09CBB00D0D4E4 /* Debug */ = {
			isa = XCBuildConfiguration;
			buildSettings = {
				ASSETCATALOG_COMPILER_APPICON_NAME = AppIcon;
				CODE_SIGN_STYLE = Automatic;
				DEVELOPMENT_TEAM = SZA846S83Y;
				INFOPLIST_FILE = "$(SRCROOT)/Info.plist";
				LD_RUNPATH_SEARCH_PATHS = (
					"$(inherited)",
					"@executable_path/Frameworks",
				);
				PRODUCT_BUNDLE_IDENTIFIER = SwapnaBotta.PayStar;
				PRODUCT_NAME = "$(TARGET_NAME)";
				SWIFT_VERSION = 5.0;
				TARGETED_DEVICE_FAMILY = "1,2";
			};
			name = Debug;
		};
		C61FDBB422E09CBB00D0D4E4 /* Release */ = {
			isa = XCBuildConfiguration;
			buildSettings = {
				ASSETCATALOG_COMPILER_APPICON_NAME = AppIcon;
				CODE_SIGN_STYLE = Automatic;
				DEVELOPMENT_TEAM = SZA846S83Y;
				INFOPLIST_FILE = "$(SRCROOT)/Info.plist";
				LD_RUNPATH_SEARCH_PATHS = (
					"$(inherited)",
					"@executable_path/Frameworks",
				);
				PRODUCT_BUNDLE_IDENTIFIER = SwapnaBotta.PayStar;
				PRODUCT_NAME = "$(TARGET_NAME)";
				SWIFT_VERSION = 5.0;
				TARGETED_DEVICE_FAMILY = "1,2";
			};
			name = Release;
		};
/* End XCBuildConfiguration section */

/* Begin XCConfigurationList section */
		C61FDB9B22E09CB900D0D4E4 /* Build configuration list for PBXProject "PayStar" */ = {
			isa = XCConfigurationList;
			buildConfigurations = (
				C61FDBB022E09CBB00D0D4E4 /* Debug */,
				C61FDBB122E09CBB00D0D4E4 /* Release */,
			);
			defaultConfigurationIsVisible = 0;
			defaultConfigurationName = Release;
		};
		C61FDBB222E09CBB00D0D4E4 /* Build configuration list for PBXNativeTarget "PayStar" */ = {
			isa = XCConfigurationList;
			buildConfigurations = (
				C61FDBB322E09CBB00D0D4E4 /* Debug */,
				C61FDBB422E09CBB00D0D4E4 /* Release */,
			);
			defaultConfigurationIsVisible = 0;
			defaultConfigurationName = Release;
		};
/* End XCConfigurationList section */
	};
	rootObject = C61FDB9822E09CB900D0D4E4 /* Project object */;
}
