// !$*UTF8*$!
{
	archiveVersion = 1;
	classes = {
	};
	objectVersion = 51;
	objects = {

/* Begin PBXBuildFile section */
		48B4620B4586EA8A9C2D4C52 /* Pods_PayStar.framework in Frameworks */ = {isa = PBXBuildFile; fileRef = 3984E8B0ECAF4ACCBC185D28 /* Pods_PayStar.framework */; };
		C60FEF082366E5A000BF9BEA /* WebKit.framework in Frameworks */ = {isa = PBXBuildFile; fileRef = C60FEF072366E5A000BF9BEA /* WebKit.framework */; };
		C6199BBB2388296E001878D4 /* MobilePrepaidViewController.swift in Sources */ = {isa = PBXBuildFile; fileRef = C6199BBA2388296E001878D4 /* MobilePrepaidViewController.swift */; };
		C61B7D22237F104500DACF6F /* ToastMsg.swift in Sources */ = {isa = PBXBuildFile; fileRef = C61B7D21237F104500DACF6F /* ToastMsg.swift */; };
		C61FDBA422E09CB900D0D4E4 /* AppDelegate.swift in Sources */ = {isa = PBXBuildFile; fileRef = C61FDBA322E09CB900D0D4E4 /* AppDelegate.swift */; };
		C61FDBA622E09CB900D0D4E4 /* DesignCodeViewController.swift in Sources */ = {isa = PBXBuildFile; fileRef = C61FDBA522E09CB900D0D4E4 /* DesignCodeViewController.swift */; };
		C61FDBA922E09CB900D0D4E4 /* Main.storyboard in Resources */ = {isa = PBXBuildFile; fileRef = C61FDBA722E09CB900D0D4E4 /* Main.storyboard */; };
		C61FDBAB22E09CBB00D0D4E4 /* Assets.xcassets in Resources */ = {isa = PBXBuildFile; fileRef = C61FDBAA22E09CBB00D0D4E4 /* Assets.xcassets */; };
		C61FDBAE22E09CBB00D0D4E4 /* LaunchScreen.storyboard in Resources */ = {isa = PBXBuildFile; fileRef = C61FDBAC22E09CBB00D0D4E4 /* LaunchScreen.storyboard */; };
		C61FDBD422E0A8A800D0D4E4 /* HomeViewController.swift in Sources */ = {isa = PBXBuildFile; fileRef = C61FDBD322E0A8A800D0D4E4 /* HomeViewController.swift */; };
		C61FDBD622E0A8C000D0D4E4 /* HomeCollectionViewCell.swift in Sources */ = {isa = PBXBuildFile; fileRef = C61FDBD522E0A8C000D0D4E4 /* HomeCollectionViewCell.swift */; };
		C62BFFFF233399AB00645BDD /* HomeSer.swift in Sources */ = {isa = PBXBuildFile; fileRef = C62BFFFE233399AB00645BDD /* HomeSer.swift */; };
		C62EE8B62383E9A100F45B1B /* FetchBillerViewController.swift in Sources */ = {isa = PBXBuildFile; fileRef = C62EE8B52383E9A100F45B1B /* FetchBillerViewController.swift */; };
		C64E8881238A6E04009FFDDA /* CollectionsViewController.swift in Sources */ = {isa = PBXBuildFile; fileRef = C64E8880238A6E03009FFDDA /* CollectionsViewController.swift */; };
		C653B09E23E4A06E00EE51FE /* PlansPrepaidViewController.swift in Sources */ = {isa = PBXBuildFile; fileRef = C653B09D23E4A06E00EE51FE /* PlansPrepaidViewController.swift */; };
		C6666A97236D963400D961C4 /* BillerSerarchViewController.swift in Sources */ = {isa = PBXBuildFile; fileRef = C6666A96236D963400D961C4 /* BillerSerarchViewController.swift */; };
		C672A9F4237C2D31004761BB /* ProfileViewController.swift in Sources */ = {isa = PBXBuildFile; fileRef = C672A9F3237C2D31004761BB /* ProfileViewController.swift */; };
		C672A9F7237C4A3D004761BB /* AddUPIViewController.swift in Sources */ = {isa = PBXBuildFile; fileRef = C672A9F6237C4A3D004761BB /* AddUPIViewController.swift */; };
		C672A9F9237C4A52004761BB /* RemoveUPIViewController.swift in Sources */ = {isa = PBXBuildFile; fileRef = C672A9F8237C4A52004761BB /* RemoveUPIViewController.swift */; };
		C68385EF235098AC005BA27A /* Pods_PayStar.framework in CopyFiles */ = {isa = PBXBuildFile; fileRef = 3984E8B0ECAF4ACCBC185D28 /* Pods_PayStar.framework */; settings = {ATTRIBUTES = (CodeSignOnCopy, RemoveHeadersOnCopy, ); }; };
		C685A5832308539400DB6898 /* Alert.swift in Sources */ = {isa = PBXBuildFile; fileRef = C685A5822308539400DB6898 /* Alert.swift */; };
		C68BA1D123E431E700B09651 /* PrepaidMobileServiceViewController.swift in Sources */ = {isa = PBXBuildFile; fileRef = C68BA1D023E431E700B09651 /* PrepaidMobileServiceViewController.swift */; };
		C694DFFA237D1C9E00673C9F /* Refund and CancellationViewController.swift in Sources */ = {isa = PBXBuildFile; fileRef = C694DFF9237D1C9E00673C9F /* Refund and CancellationViewController.swift */; };
		C694DFFC237D33D100673C9F /* MakePaymenyOptionsViewController.swift in Sources */ = {isa = PBXBuildFile; fileRef = C694DFFB237D33D100673C9F /* MakePaymenyOptionsViewController.swift */; };
		C694DFFE237D33F200673C9F /* MakePayCellTableViewCell.swift in Sources */ = {isa = PBXBuildFile; fileRef = C694DFFD237D33F200673C9F /* MakePayCellTableViewCell.swift */; };
		C69996802329010500A6D20C /* Validations.swift in Sources */ = {isa = PBXBuildFile; fileRef = C699967F2329010500A6D20C /* Validations.swift */; };
		C6A2EF6522F096EF000883EB /* RoughViewController.swift in Sources */ = {isa = PBXBuildFile; fileRef = C6A2EF6422F096EF000883EB /* RoughViewController.swift */; };
		C6ADCCEC2345EFB3008B904A /* LeftMenuVC.swift in Sources */ = {isa = PBXBuildFile; fileRef = C6ADCCEB2345EFB3008B904A /* LeftMenuVC.swift */; };
		C6B2F35022EDABA600291B8C /* PaymentOptionsViewController.swift in Sources */ = {isa = PBXBuildFile; fileRef = C6B2F34F22EDABA600291B8C /* PaymentOptionsViewController.swift */; };
		C6B2F35222EDB89000291B8C /* PaymentOptionsTableViewCell.swift in Sources */ = {isa = PBXBuildFile; fileRef = C6B2F35122EDB89000291B8C /* PaymentOptionsTableViewCell.swift */; };
		C6B3290422E8C3E5000F6ABE /* PaymentDetailsViewController.swift in Sources */ = {isa = PBXBuildFile; fileRef = C6B3290322E8C3E5000F6ABE /* PaymentDetailsViewController.swift */; };
		C6B41DE4231EDD56008827E7 /* ENSideMenu.swift in Sources */ = {isa = PBXBuildFile; fileRef = C6B41DE0231EDD56008827E7 /* ENSideMenu.swift */; };
		C6B41DE5231EDD56008827E7 /* MyMenuTableViewController.swift in Sources */ = {isa = PBXBuildFile; fileRef = C6B41DE1231EDD56008827E7 /* MyMenuTableViewController.swift */; };
		C6B41DE6231EDD56008827E7 /* ENSideMenuNavigationController.swift in Sources */ = {isa = PBXBuildFile; fileRef = C6B41DE2231EDD56008827E7 /* ENSideMenuNavigationController.swift */; };
		C6B41DE7231EDD56008827E7 /* MyNavigationController.swift in Sources */ = {isa = PBXBuildFile; fileRef = C6B41DE3231EDD56008827E7 /* MyNavigationController.swift */; };
		C6B41DEA231EDD7C008827E7 /* ContactUsViewController.swift in Sources */ = {isa = PBXBuildFile; fileRef = C6B41DE8231EDD7B008827E7 /* ContactUsViewController.swift */; };
		C6B41DEB231EDD7C008827E7 /* AboutUsController.swift in Sources */ = {isa = PBXBuildFile; fileRef = C6B41DE9231EDD7C008827E7 /* AboutUsController.swift */; };
		C6C7538D232771EA00659D56 /* TermsandConditionsViewController.swift in Sources */ = {isa = PBXBuildFile; fileRef = C6C7538C232771EA00659D56 /* TermsandConditionsViewController.swift */; };
		C6C7538F23277BBB00659D56 /* PrivacyPolicyViewController.swift in Sources */ = {isa = PBXBuildFile; fileRef = C6C7538E23277BBB00659D56 /* PrivacyPolicyViewController.swift */; };
		C6C7539123277E3400659D56 /* FeedBackViewController.swift in Sources */ = {isa = PBXBuildFile; fileRef = C6C7539023277E3400659D56 /* FeedBackViewController.swift */; };
		C6C96EDF2354E3F9004EEF48 /* AllMakePaymentViewController.swift in Sources */ = {isa = PBXBuildFile; fileRef = C6C96EDE2354E3F9004EEF48 /* AllMakePaymentViewController.swift */; };
		C6CAAD55238655170009932F /* NewBillerSearchViewController.swift in Sources */ = {isa = PBXBuildFile; fileRef = C6CAAD54238655170009932F /* NewBillerSearchViewController.swift */; };
		C6CAAD57238655390009932F /* BillerTableViewCell.swift in Sources */ = {isa = PBXBuildFile; fileRef = C6CAAD56238655390009932F /* BillerTableViewCell.swift */; };
		C6CBF9EB2373D5C100B6F67C /* RegistrationViewController1.swift in Sources */ = {isa = PBXBuildFile; fileRef = C6CBF9EA2373D5C100B6F67C /* RegistrationViewController1.swift */; };
		C6D846EB22F2BC8500B8005C /* RegistrationViewController.swift in Sources */ = {isa = PBXBuildFile; fileRef = C6D846EA22F2BC8500B8005C /* RegistrationViewController.swift */; };
		C6D846ED22F2BCA100B8005C /* LoginViewController.swift in Sources */ = {isa = PBXBuildFile; fileRef = C6D846EC22F2BCA100B8005C /* LoginViewController.swift */; };
		C6E39B2223A69C7400030F15 /* RegistrationViewController2.swift in Sources */ = {isa = PBXBuildFile; fileRef = C6E39B2123A69C7400030F15 /* RegistrationViewController2.swift */; };
		C6F6F63722E3259F002F693D /* MakePaymentViewController.swift in Sources */ = {isa = PBXBuildFile; fileRef = C6F6F63622E3259F002F693D /* MakePaymentViewController.swift */; };
/* End PBXBuildFile section */

/* Begin PBXCopyFilesBuildPhase section */
		C68385EE23509889005BA27A /* CopyFiles */ = {
			isa = PBXCopyFilesBuildPhase;
			buildActionMask = 8;
			dstPath = "";
			dstSubfolderSpec = 11;
			files = (
				C68385EF235098AC005BA27A /* Pods_PayStar.framework in CopyFiles */,
			);
			runOnlyForDeploymentPostprocessing = 1;
		};
/* End PBXCopyFilesBuildPhase section */

/* Begin PBXFileReference section */
		1A30D82A4689C79E4ED9BD03 /* Pods-PayStar.release.xcconfig */ = {isa = PBXFileReference; includeInIndex = 1; lastKnownFileType = text.xcconfig; name = "Pods-PayStar.release.xcconfig"; path = "Target Support Files/Pods-PayStar/Pods-PayStar.release.xcconfig"; sourceTree = "<group>"; };
		3984E8B0ECAF4ACCBC185D28 /* Pods_PayStar.framework */ = {isa = PBXFileReference; explicitFileType = wrapper.framework; includeInIndex = 0; path = Pods_PayStar.framework; sourceTree = BUILT_PRODUCTS_DIR; };
		C60FEF072366E5A000BF9BEA /* WebKit.framework */ = {isa = PBXFileReference; lastKnownFileType = wrapper.framework; name = WebKit.framework; path = System/Library/Frameworks/WebKit.framework; sourceTree = SDKROOT; };
		C6199BBA2388296E001878D4 /* MobilePrepaidViewController.swift */ = {isa = PBXFileReference; lastKnownFileType = sourcecode.swift; path = MobilePrepaidViewController.swift; sourceTree = "<group>"; };
		C61B7D21237F104500DACF6F /* ToastMsg.swift */ = {isa = PBXFileReference; lastKnownFileType = sourcecode.swift; path = ToastMsg.swift; sourceTree = "<group>"; };
		C61FDBA022E09CB900D0D4E4 /* PayStar.app */ = {isa = PBXFileReference; explicitFileType = wrapper.application; includeInIndex = 0; path = PayStar.app; sourceTree = BUILT_PRODUCTS_DIR; };
		C61FDBA322E09CB900D0D4E4 /* AppDelegate.swift */ = {isa = PBXFileReference; lastKnownFileType = sourcecode.swift; path = AppDelegate.swift; sourceTree = "<group>"; };
		C61FDBA522E09CB900D0D4E4 /* DesignCodeViewController.swift */ = {isa = PBXFileReference; lastKnownFileType = sourcecode.swift; path = DesignCodeViewController.swift; sourceTree = "<group>"; };
		C61FDBA822E09CB900D0D4E4 /* Base */ = {isa = PBXFileReference; lastKnownFileType = file.storyboard; name = Base; path = Base.lproj/Main.storyboard; sourceTree = "<group>"; };
		C61FDBAA22E09CBB00D0D4E4 /* Assets.xcassets */ = {isa = PBXFileReference; lastKnownFileType = folder.assetcatalog; name = Assets.xcassets; path = PayStar/Assets.xcassets; sourceTree = SOURCE_ROOT; };
		C61FDBAD22E09CBB00D0D4E4 /* Base */ = {isa = PBXFileReference; lastKnownFileType = file.storyboard; name = Base; path = Base.lproj/LaunchScreen.storyboard; sourceTree = "<group>"; };
		C61FDBAF22E09CBB00D0D4E4 /* Info.plist */ = {isa = PBXFileReference; lastKnownFileType = text.plist.xml; path = Info.plist; sourceTree = "<group>"; };
		C61FDBD322E0A8A800D0D4E4 /* HomeViewController.swift */ = {isa = PBXFileReference; lastKnownFileType = sourcecode.swift; path = HomeViewController.swift; sourceTree = "<group>"; };
		C61FDBD522E0A8C000D0D4E4 /* HomeCollectionViewCell.swift */ = {isa = PBXFileReference; lastKnownFileType = sourcecode.swift; path = HomeCollectionViewCell.swift; sourceTree = "<group>"; };
		C62BFFFE233399AB00645BDD /* HomeSer.swift */ = {isa = PBXFileReference; lastKnownFileType = sourcecode.swift; path = HomeSer.swift; sourceTree = "<group>"; };
		C62EE8B52383E9A100F45B1B /* FetchBillerViewController.swift */ = {isa = PBXFileReference; lastKnownFileType = sourcecode.swift; path = FetchBillerViewController.swift; sourceTree = "<group>"; };
		C64E8880238A6E03009FFDDA /* CollectionsViewController.swift */ = {isa = PBXFileReference; lastKnownFileType = sourcecode.swift; path = CollectionsViewController.swift; sourceTree = "<group>"; };
		C653B09D23E4A06E00EE51FE /* PlansPrepaidViewController.swift */ = {isa = PBXFileReference; lastKnownFileType = sourcecode.swift; path = PlansPrepaidViewController.swift; sourceTree = "<group>"; };
		C6666A96236D963400D961C4 /* BillerSerarchViewController.swift */ = {isa = PBXFileReference; lastKnownFileType = sourcecode.swift; path = BillerSerarchViewController.swift; sourceTree = "<group>"; };
		C672A9F3237C2D31004761BB /* ProfileViewController.swift */ = {isa = PBXFileReference; fileEncoding = 4; lastKnownFileType = sourcecode.swift; name = ProfileViewController.swift; path = ../ProfileViewController.swift; sourceTree = "<group>"; };
		C672A9F6237C4A3D004761BB /* AddUPIViewController.swift */ = {isa = PBXFileReference; lastKnownFileType = sourcecode.swift; path = AddUPIViewController.swift; sourceTree = "<group>"; };
		C672A9F8237C4A52004761BB /* RemoveUPIViewController.swift */ = {isa = PBXFileReference; lastKnownFileType = sourcecode.swift; path = RemoveUPIViewController.swift; sourceTree = "<group>"; };
		C685A5822308539400DB6898 /* Alert.swift */ = {isa = PBXFileReference; lastKnownFileType = sourcecode.swift; path = Alert.swift; sourceTree = "<group>"; };
		C68BA1D023E431E700B09651 /* PrepaidMobileServiceViewController.swift */ = {isa = PBXFileReference; lastKnownFileType = sourcecode.swift; path = PrepaidMobileServiceViewController.swift; sourceTree = "<group>"; };
		C694DFF9237D1C9E00673C9F /* Refund and CancellationViewController.swift */ = {isa = PBXFileReference; lastKnownFileType = sourcecode.swift; path = "Refund and CancellationViewController.swift"; sourceTree = "<group>"; };
		C694DFFB237D33D100673C9F /* MakePaymenyOptionsViewController.swift */ = {isa = PBXFileReference; lastKnownFileType = sourcecode.swift; path = MakePaymenyOptionsViewController.swift; sourceTree = "<group>"; };
		C694DFFD237D33F200673C9F /* MakePayCellTableViewCell.swift */ = {isa = PBXFileReference; lastKnownFileType = sourcecode.swift; path = MakePayCellTableViewCell.swift; sourceTree = "<group>"; };
		C699967F2329010500A6D20C /* Validations.swift */ = {isa = PBXFileReference; lastKnownFileType = sourcecode.swift; path = Validations.swift; sourceTree = "<group>"; };
		C6A2EF6422F096EF000883EB /* RoughViewController.swift */ = {isa = PBXFileReference; lastKnownFileType = sourcecode.swift; path = RoughViewController.swift; sourceTree = "<group>"; };
		C6ADCCEB2345EFB3008B904A /* LeftMenuVC.swift */ = {isa = PBXFileReference; fileEncoding = 4; lastKnownFileType = sourcecode.swift; path = LeftMenuVC.swift; sourceTree = "<group>"; };
		C6B2F34F22EDABA600291B8C /* PaymentOptionsViewController.swift */ = {isa = PBXFileReference; lastKnownFileType = sourcecode.swift; path = PaymentOptionsViewController.swift; sourceTree = "<group>"; };
		C6B2F35122EDB89000291B8C /* PaymentOptionsTableViewCell.swift */ = {isa = PBXFileReference; lastKnownFileType = sourcecode.swift; path = PaymentOptionsTableViewCell.swift; sourceTree = "<group>"; };
		C6B3290322E8C3E5000F6ABE /* PaymentDetailsViewController.swift */ = {isa = PBXFileReference; lastKnownFileType = sourcecode.swift; path = PaymentDetailsViewController.swift; sourceTree = "<group>"; };
		C6B41DE0231EDD56008827E7 /* ENSideMenu.swift */ = {isa = PBXFileReference; fileEncoding = 4; lastKnownFileType = sourcecode.swift; path = ENSideMenu.swift; sourceTree = "<group>"; };
		C6B41DE1231EDD56008827E7 /* MyMenuTableViewController.swift */ = {isa = PBXFileReference; fileEncoding = 4; lastKnownFileType = sourcecode.swift; path = MyMenuTableViewController.swift; sourceTree = "<group>"; };
		C6B41DE2231EDD56008827E7 /* ENSideMenuNavigationController.swift */ = {isa = PBXFileReference; fileEncoding = 4; lastKnownFileType = sourcecode.swift; path = ENSideMenuNavigationController.swift; sourceTree = "<group>"; };
		C6B41DE3231EDD56008827E7 /* MyNavigationController.swift */ = {isa = PBXFileReference; fileEncoding = 4; lastKnownFileType = sourcecode.swift; path = MyNavigationController.swift; sourceTree = "<group>"; };
		C6B41DE8231EDD7B008827E7 /* ContactUsViewController.swift */ = {isa = PBXFileReference; fileEncoding = 4; lastKnownFileType = sourcecode.swift; path = ContactUsViewController.swift; sourceTree = "<group>"; };
		C6B41DE9231EDD7C008827E7 /* AboutUsController.swift */ = {isa = PBXFileReference; fileEncoding = 4; lastKnownFileType = sourcecode.swift; path = AboutUsController.swift; sourceTree = "<group>"; };
		C6C7538C232771EA00659D56 /* TermsandConditionsViewController.swift */ = {isa = PBXFileReference; lastKnownFileType = sourcecode.swift; path = TermsandConditionsViewController.swift; sourceTree = "<group>"; };
		C6C7538E23277BBB00659D56 /* PrivacyPolicyViewController.swift */ = {isa = PBXFileReference; lastKnownFileType = sourcecode.swift; path = PrivacyPolicyViewController.swift; sourceTree = "<group>"; };
		C6C7539023277E3400659D56 /* FeedBackViewController.swift */ = {isa = PBXFileReference; lastKnownFileType = sourcecode.swift; path = FeedBackViewController.swift; sourceTree = "<group>"; };
		C6C96EDE2354E3F9004EEF48 /* AllMakePaymentViewController.swift */ = {isa = PBXFileReference; lastKnownFileType = sourcecode.swift; path = AllMakePaymentViewController.swift; sourceTree = "<group>"; };
		C6CAAD54238655170009932F /* NewBillerSearchViewController.swift */ = {isa = PBXFileReference; lastKnownFileType = sourcecode.swift; path = NewBillerSearchViewController.swift; sourceTree = "<group>"; };
		C6CAAD56238655390009932F /* BillerTableViewCell.swift */ = {isa = PBXFileReference; lastKnownFileType = sourcecode.swift; path = BillerTableViewCell.swift; sourceTree = "<group>"; };
		C6CBF9EA2373D5C100B6F67C /* RegistrationViewController1.swift */ = {isa = PBXFileReference; lastKnownFileType = sourcecode.swift; path = RegistrationViewController1.swift; sourceTree = "<group>"; };
		C6D846EA22F2BC8500B8005C /* RegistrationViewController.swift */ = {isa = PBXFileReference; lastKnownFileType = sourcecode.swift; path = RegistrationViewController.swift; sourceTree = "<group>"; };
		C6D846EC22F2BCA100B8005C /* LoginViewController.swift */ = {isa = PBXFileReference; lastKnownFileType = sourcecode.swift; path = LoginViewController.swift; sourceTree = "<group>"; };
		C6E39B2123A69C7400030F15 /* RegistrationViewController2.swift */ = {isa = PBXFileReference; lastKnownFileType = sourcecode.swift; path = RegistrationViewController2.swift; sourceTree = "<group>"; };
		C6F6F63622E3259F002F693D /* MakePaymentViewController.swift */ = {isa = PBXFileReference; lastKnownFileType = sourcecode.swift; path = MakePaymentViewController.swift; sourceTree = "<group>"; };
		FE67C12252101FD10D8D3700 /* Pods-PayStar.debug.xcconfig */ = {isa = PBXFileReference; includeInIndex = 1; lastKnownFileType = text.xcconfig; name = "Pods-PayStar.debug.xcconfig"; path = "Target Support Files/Pods-PayStar/Pods-PayStar.debug.xcconfig"; sourceTree = "<group>"; };
/* End PBXFileReference section */

/* Begin PBXFrameworksBuildPhase section */
		C61FDB9D22E09CB900D0D4E4 /* Frameworks */ = {
			isa = PBXFrameworksBuildPhase;
			buildActionMask = 2147483647;
			files = (
				C60FEF082366E5A000BF9BEA /* WebKit.framework in Frameworks */,
				48B4620B4586EA8A9C2D4C52 /* Pods_PayStar.framework in Frameworks */,
			);
			runOnlyForDeploymentPostprocessing = 0;
		};
/* End PBXFrameworksBuildPhase section */

/* Begin PBXGroup section */
		4601F31E7CB0364D3C9993D2 /* Pods */ = {
			isa = PBXGroup;
			children = (
				FE67C12252101FD10D8D3700 /* Pods-PayStar.debug.xcconfig */,
				1A30D82A4689C79E4ED9BD03 /* Pods-PayStar.release.xcconfig */,
			);
			path = Pods;
			sourceTree = "<group>";
		};
		C61FDB9722E09CB900D0D4E4 = {
			isa = PBXGroup;
			children = (
				C61FDBA222E09CB900D0D4E4 /* PayStar */,
				C61FDBA122E09CB900D0D4E4 /* Products */,
				4601F31E7CB0364D3C9993D2 /* Pods */,
				FF65D03B4736F54B8779D009 /* Frameworks */,
			);
			sourceTree = "<group>";
		};
		C61FDBA122E09CB900D0D4E4 /* Products */ = {
			isa = PBXGroup;
			children = (
				C61FDBA022E09CB900D0D4E4 /* PayStar.app */,
			);
			name = Products;
			sourceTree = "<group>";
		};
		C61FDBA222E09CB900D0D4E4 /* PayStar */ = {
			isa = PBXGroup;
			children = (
				C6B41DDF231EDD56008827E7 /* SideMenuCode */,
				C62B000223339CF300645BDD /* Model */,
				C62BFFFD2333959C00645BDD /* LoginControls */,
				C62B000C2333A12700645BDD /* Home */,
				C62B000D2333A16700645BDD /* Payment */,
				C62BFFFC233394F700645BDD /* SideMenuControls */,
				C61FDBA322E09CB900D0D4E4 /* AppDelegate.swift */,
				C6A2EF6422F096EF000883EB /* RoughViewController.swift */,
				C672A9F5237C3C7C004761BB /* New Group */,
				C61FDBAC22E09CBB00D0D4E4 /* LaunchScreen.storyboard */,
				C61FDBAF22E09CBB00D0D4E4 /* Info.plist */,
				C61FDBAA22E09CBB00D0D4E4 /* Assets.xcassets */,
				C61FDBA722E09CB900D0D4E4 /* Main.storyboard */,
			);
			path = PayStar;
			sourceTree = "<group>";
		};
		C62B000223339CF300645BDD /* Model */ = {
			isa = PBXGroup;
			children = (
				C6D846EA22F2BC8500B8005C /* RegistrationViewController.swift */,
				C62BFFFE233399AB00645BDD /* HomeSer.swift */,
				C6A150062309C4D30095F25E /* HelpingClass */,
			);
			path = Model;
			sourceTree = "<group>";
		};
		C62B000C2333A12700645BDD /* Home */ = {
			isa = PBXGroup;
			children = (
				C6ADCCEB2345EFB3008B904A /* LeftMenuVC.swift */,
				C61FDBD522E0A8C000D0D4E4 /* HomeCollectionViewCell.swift */,
				C61FDBD322E0A8A800D0D4E4 /* HomeViewController.swift */,
				C68BA1D023E431E700B09651 /* PrepaidMobileServiceViewController.swift */,
				C653B09D23E4A06E00EE51FE /* PlansPrepaidViewController.swift */,
				C6199BBA2388296E001878D4 /* MobilePrepaidViewController.swift */,
			);
			path = Home;
			sourceTree = "<group>";
		};
		C62B000D2333A16700645BDD /* Payment */ = {
			isa = PBXGroup;
			children = (
				C6F6F63622E3259F002F693D /* MakePaymentViewController.swift */,
				C6C96EDE2354E3F9004EEF48 /* AllMakePaymentViewController.swift */,
				C6666A96236D963400D961C4 /* BillerSerarchViewController.swift */,
				C6CAAD54238655170009932F /* NewBillerSearchViewController.swift */,
				C6CAAD56238655390009932F /* BillerTableViewCell.swift */,
				C62EE8B52383E9A100F45B1B /* FetchBillerViewController.swift */,
				C6B2F34F22EDABA600291B8C /* PaymentOptionsViewController.swift */,
				C6B2F35122EDB89000291B8C /* PaymentOptionsTableViewCell.swift */,
				C6B3290322E8C3E5000F6ABE /* PaymentDetailsViewController.swift */,
				C694DFFB237D33D100673C9F /* MakePaymenyOptionsViewController.swift */,
				C694DFFD237D33F200673C9F /* MakePayCellTableViewCell.swift */,
			);
			path = Payment;
			sourceTree = "<group>";
		};
		C62BFFFC233394F700645BDD /* SideMenuControls */ = {
			isa = PBXGroup;
			children = (
				C6B41DE9231EDD7C008827E7 /* AboutUsController.swift */,
				C6C7538E23277BBB00659D56 /* PrivacyPolicyViewController.swift */,
				C6C7538C232771EA00659D56 /* TermsandConditionsViewController.swift */,
				C6C7539023277E3400659D56 /* FeedBackViewController.swift */,
				C6B41DE8231EDD7B008827E7 /* ContactUsViewController.swift */,
				C694DFF9237D1C9E00673C9F /* Refund and CancellationViewController.swift */,
				C64E8880238A6E03009FFDDA /* CollectionsViewController.swift */,
			);
			path = SideMenuControls;
			sourceTree = "<group>";
		};
		C62BFFFD2333959C00645BDD /* LoginControls */ = {
			isa = PBXGroup;
			children = (
				C6CBF9EA2373D5C100B6F67C /* RegistrationViewController1.swift */,
				C6E39B2123A69C7400030F15 /* RegistrationViewController2.swift */,
				C6D846EC22F2BCA100B8005C /* LoginViewController.swift */,
				C61FDBA522E09CB900D0D4E4 /* DesignCodeViewController.swift */,
			);
			path = LoginControls;
			sourceTree = "<group>";
		};
		C672A9F5237C3C7C004761BB /* New Group */ = {
			isa = PBXGroup;
			children = (
				C672A9F3237C2D31004761BB /* ProfileViewController.swift */,
				C672A9F6237C4A3D004761BB /* AddUPIViewController.swift */,
				C672A9F8237C4A52004761BB /* RemoveUPIViewController.swift */,
			);
			path = "New Group";
			sourceTree = "<group>";
		};
		C6A150062309C4D30095F25E /* HelpingClass */ = {
			isa = PBXGroup;
			children = (
				C685A5822308539400DB6898 /* Alert.swift */,
				C699967F2329010500A6D20C /* Validations.swift */,
				C61B7D21237F104500DACF6F /* ToastMsg.swift */,
			);
			path = HelpingClass;
			sourceTree = "<group>";
		};
		C6B41DDF231EDD56008827E7 /* SideMenuCode */ = {
			isa = PBXGroup;
			children = (
				C6B41DE0231EDD56008827E7 /* ENSideMenu.swift */,
				C6B41DE1231EDD56008827E7 /* MyMenuTableViewController.swift */,
				C6B41DE2231EDD56008827E7 /* ENSideMenuNavigationController.swift */,
				C6B41DE3231EDD56008827E7 /* MyNavigationController.swift */,
			);
			path = SideMenuCode;
			sourceTree = "<group>";
		};
		FF65D03B4736F54B8779D009 /* Frameworks */ = {
			isa = PBXGroup;
			children = (
				C60FEF072366E5A000BF9BEA /* WebKit.framework */,
				3984E8B0ECAF4ACCBC185D28 /* Pods_PayStar.framework */,
			);
			name = Frameworks;
			sourceTree = "<group>";
		};
/* End PBXGroup section */

/* Begin PBXNativeTarget section */
		C61FDB9F22E09CB900D0D4E4 /* PayStar */ = {
			isa = PBXNativeTarget;
			buildConfigurationList = C61FDBB222E09CBB00D0D4E4 /* Build configuration list for PBXNativeTarget "PayStar" */;
			buildPhases = (
				DEF895466B523417CD7A4894 /* [CP] Check Pods Manifest.lock */,
				C61FDB9C22E09CB900D0D4E4 /* Sources */,
				C61FDB9D22E09CB900D0D4E4 /* Frameworks */,
				C61FDB9E22E09CB900D0D4E4 /* Resources */,
				F390D41209BCD9FEFE7B9DFD /* [CP] Embed Pods Frameworks */,
				C68385EE23509889005BA27A /* CopyFiles */,
			);
			buildRules = (
			);
			dependencies = (
			);
			name = PayStar;
			productName = PayStar;
			productReference = C61FDBA022E09CB900D0D4E4 /* PayStar.app */;
			productType = "com.apple.product-type.application";
		};
/* End PBXNativeTarget section */

/* Begin PBXProject section */
		C61FDB9822E09CB900D0D4E4 /* Project object */ = {
			isa = PBXProject;
			attributes = {
				LastSwiftUpdateCheck = 1020;
				LastUpgradeCheck = 1020;
				ORGANIZATIONNAME = SwapnaBotta;
				TargetAttributes = {
					C61FDB9F22E09CB900D0D4E4 = {
						CreatedOnToolsVersion = 10.2.1;
					};
				};
			};
			buildConfigurationList = C61FDB9B22E09CB900D0D4E4 /* Build configuration list for PBXProject "PayStar" */;
			compatibilityVersion = "Xcode 9.3";
			developmentRegion = en;
			hasScannedForEncodings = 0;
			knownRegions = (
				en,
				Base,
			);
			mainGroup = C61FDB9722E09CB900D0D4E4;
			productRefGroup = C61FDBA122E09CB900D0D4E4 /* Products */;
			projectDirPath = "";
			projectRoot = "";
			targets = (
				C61FDB9F22E09CB900D0D4E4 /* PayStar */,
			);
		};
/* End PBXProject section */

/* Begin PBXResourcesBuildPhase section */
		C61FDB9E22E09CB900D0D4E4 /* Resources */ = {
			isa = PBXResourcesBuildPhase;
			buildActionMask = 2147483647;
			files = (
				C61FDBAE22E09CBB00D0D4E4 /* LaunchScreen.storyboard in Resources */,
				C61FDBAB22E09CBB00D0D4E4 /* Assets.xcassets in Resources */,
				C61FDBA922E09CB900D0D4E4 /* Main.storyboard in Resources */,
			);
			runOnlyForDeploymentPostprocessing = 0;
		};
/* End PBXResourcesBuildPhase section */

/* Begin PBXShellScriptBuildPhase section */
		DEF895466B523417CD7A4894 /* [CP] Check Pods Manifest.lock */ = {
			isa = PBXShellScriptBuildPhase;
			buildActionMask = 2147483647;
			files = (
			);
			inputFileListPaths = (
			);
			inputPaths = (
				"${PODS_PODFILE_DIR_PATH}/Podfile.lock",
				"${PODS_ROOT}/Manifest.lock",
			);
			name = "[CP] Check Pods Manifest.lock";
			outputFileListPaths = (
			);
			outputPaths = (
				"$(DERIVED_FILE_DIR)/Pods-PayStar-checkManifestLockResult.txt",
			);
			runOnlyForDeploymentPostprocessing = 0;
			shellPath = /bin/sh;
			shellScript = "diff \"${PODS_PODFILE_DIR_PATH}/Podfile.lock\" \"${PODS_ROOT}/Manifest.lock\" > /dev/null\nif [ $? != 0 ] ; then\n    # print error to STDERR\n    echo \"error: The sandbox is not in sync with the Podfile.lock. Run 'pod install' or update your CocoaPods installation.\" >&2\n    exit 1\nfi\n# This output is used by Xcode 'outputs' to avoid re-running this script phase.\necho \"SUCCESS\" > \"${SCRIPT_OUTPUT_FILE_0}\"\n";
			showEnvVarsInLog = 0;
		};
		F390D41209BCD9FEFE7B9DFD /* [CP] Embed Pods Frameworks */ = {
			isa = PBXShellScriptBuildPhase;
			buildActionMask = 2147483647;
			files = (
			);
			inputFileListPaths = (
				"${PODS_ROOT}/Target Support Files/Pods-PayStar/Pods-PayStar-frameworks-${CONFIGURATION}-input-files.xcfilelist",
			);
			name = "[CP] Embed Pods Frameworks";
			outputFileListPaths = (
				"${PODS_ROOT}/Target Support Files/Pods-PayStar/Pods-PayStar-frameworks-${CONFIGURATION}-output-files.xcfilelist",
			);
			runOnlyForDeploymentPostprocessing = 0;
			shellPath = /bin/sh;
			shellScript = "\"${PODS_ROOT}/Target Support Files/Pods-PayStar/Pods-PayStar-frameworks.sh\"\n";
			showEnvVarsInLog = 0;
		};
/* End PBXShellScriptBuildPhase section */

/* Begin PBXSourcesBuildPhase section */
		C61FDB9C22E09CB900D0D4E4 /* Sources */ = {
			isa = PBXSourcesBuildPhase;
			buildActionMask = 2147483647;
			files = (
				C6A2EF6522F096EF000883EB /* RoughViewController.swift in Sources */,
				C61FDBA622E09CB900D0D4E4 /* DesignCodeViewController.swift in Sources */,
				C6E39B2223A69C7400030F15 /* RegistrationViewController2.swift in Sources */,
				C6F6F63722E3259F002F693D /* MakePaymentViewController.swift in Sources */,
				C62EE8B62383E9A100F45B1B /* FetchBillerViewController.swift in Sources */,
				C6CAAD57238655390009932F /* BillerTableViewCell.swift in Sources */,
				C69996802329010500A6D20C /* Validations.swift in Sources */,
				C672A9F7237C4A3D004761BB /* AddUPIViewController.swift in Sources */,
				C6666A97236D963400D961C4 /* BillerSerarchViewController.swift in Sources */,
				C672A9F4237C2D31004761BB /* ProfileViewController.swift in Sources */,
				C64E8881238A6E04009FFDDA /* CollectionsViewController.swift in Sources */,
				C6B41DE7231EDD56008827E7 /* MyNavigationController.swift in Sources */,
				C694DFFA237D1C9E00673C9F /* Refund and CancellationViewController.swift in Sources */,
				C6CBF9EB2373D5C100B6F67C /* RegistrationViewController1.swift in Sources */,
				C6D846ED22F2BCA100B8005C /* LoginViewController.swift in Sources */,
				C6199BBB2388296E001878D4 /* MobilePrepaidViewController.swift in Sources */,
				C694DFFE237D33F200673C9F /* MakePayCellTableViewCell.swift in Sources */,
				C6B41DEA231EDD7C008827E7 /* ContactUsViewController.swift in Sources */,
				C6CAAD55238655170009932F /* NewBillerSearchViewController.swift in Sources */,
				C6D846EB22F2BC8500B8005C /* RegistrationViewController.swift in Sources */,
				C6B2F35222EDB89000291B8C /* PaymentOptionsTableViewCell.swift in Sources */,
				C6C7538D232771EA00659D56 /* TermsandConditionsViewController.swift in Sources */,
				C653B09E23E4A06E00EE51FE /* PlansPrepaidViewController.swift in Sources */,
				C6B41DE6231EDD56008827E7 /* ENSideMenuNavigationController.swift in Sources */,
				C61FDBA422E09CB900D0D4E4 /* AppDelegate.swift in Sources */,
				C6B2F35022EDABA600291B8C /* PaymentOptionsViewController.swift in Sources */,
				C672A9F9237C4A52004761BB /* RemoveUPIViewController.swift in Sources */,
				C694DFFC237D33D100673C9F /* MakePaymenyOptionsViewController.swift in Sources */,
				C61FDBD422E0A8A800D0D4E4 /* HomeViewController.swift in Sources */,
				C6B3290422E8C3E5000F6ABE /* PaymentDetailsViewController.swift in Sources */,
				C61B7D22237F104500DACF6F /* ToastMsg.swift in Sources */,
				C6B41DE5231EDD56008827E7 /* MyMenuTableViewController.swift in Sources */,
				C6B41DE4231EDD56008827E7 /* ENSideMenu.swift in Sources */,
				C68BA1D123E431E700B09651 /* PrepaidMobileServiceViewController.swift in Sources */,
				C6C96EDF2354E3F9004EEF48 /* AllMakePaymentViewController.swift in Sources */,
				C6B41DEB231EDD7C008827E7 /* AboutUsController.swift in Sources */,
				C6C7539123277E3400659D56 /* FeedBackViewController.swift in Sources */,
				C685A5832308539400DB6898 /* Alert.swift in Sources */,
				C6C7538F23277BBB00659D56 /* PrivacyPolicyViewController.swift in Sources */,
				C62BFFFF233399AB00645BDD /* HomeSer.swift in Sources */,
				C6ADCCEC2345EFB3008B904A /* LeftMenuVC.swift in Sources */,
				C61FDBD622E0A8C000D0D4E4 /* HomeCollectionViewCell.swift in Sources */,
			);
			runOnlyForDeploymentPostprocessing = 0;
		};
/* End PBXSourcesBuildPhase section */

/* Begin PBXVariantGroup section */
		C61FDBA722E09CB900D0D4E4 /* Main.storyboard */ = {
			isa = PBXVariantGroup;
			children = (
				C61FDBA822E09CB900D0D4E4 /* Base */,
			);
			name = Main.storyboard;
			sourceTree = "<group>";
		};
		C61FDBAC22E09CBB00D0D4E4 /* LaunchScreen.storyboard */ = {
			isa = PBXVariantGroup;
			children = (
				C61FDBAD22E09CBB00D0D4E4 /* Base */,
			);
			name = LaunchScreen.storyboard;
			sourceTree = "<group>";
		};
/* End PBXVariantGroup section */

/* Begin XCBuildConfiguration section */
		C61FDBB022E09CBB00D0D4E4 /* Debug */ = {
			isa = XCBuildConfiguration;
			buildSettings = {
				ALWAYS_SEARCH_USER_PATHS = NO;
				CLANG_ANALYZER_NONNULL = YES;
				CLANG_ANALYZER_NUMBER_OBJECT_CONVERSION = YES_AGGRESSIVE;
				CLANG_CXX_LANGUAGE_STANDARD = "gnu++14";
				CLANG_CXX_LIBRARY = "libc++";
				CLANG_ENABLE_MODULES = YES;
				CLANG_ENABLE_OBJC_ARC = YES;
				CLANG_ENABLE_OBJC_WEAK = YES;
				CLANG_WARN_BLOCK_CAPTURE_AUTORELEASING = YES;
				CLANG_WARN_BOOL_CONVERSION = YES;
				CLANG_WARN_COMMA = YES;
				CLANG_WARN_CONSTANT_CONVERSION = YES;
				CLANG_WARN_DEPRECATED_OBJC_IMPLEMENTATIONS = YES;
				CLANG_WARN_DIRECT_OBJC_ISA_USAGE = YES_ERROR;
				CLANG_WARN_DOCUMENTATION_COMMENTS = YES;
				CLANG_WARN_EMPTY_BODY = YES;
				CLANG_WARN_ENUM_CONVERSION = YES;
				CLANG_WARN_INFINITE_RECURSION = YES;
				CLANG_WARN_INT_CONVERSION = YES;
				CLANG_WARN_NON_LITERAL_NULL_CONVERSION = YES;
				CLANG_WARN_OBJC_IMPLICIT_RETAIN_SELF = YES;
				CLANG_WARN_OBJC_LITERAL_CONVERSION = YES;
				CLANG_WARN_OBJC_ROOT_CLASS = YES_ERROR;
				CLANG_WARN_RANGE_LOOP_ANALYSIS = YES;
				CLANG_WARN_STRICT_PROTOTYPES = YES;
				CLANG_WARN_SUSPICIOUS_MOVE = YES;
				CLANG_WARN_UNGUARDED_AVAILABILITY = YES_AGGRESSIVE;
				CLANG_WARN_UNREACHABLE_CODE = YES;
				CLANG_WARN__DUPLICATE_METHOD_MATCH = YES;
				CODE_SIGN_IDENTITY = "iPhone Developer";
				COPY_PHASE_STRIP = NO;
				DEBUG_INFORMATION_FORMAT = dwarf;
				ENABLE_STRICT_OBJC_MSGSEND = YES;
				ENABLE_TESTABILITY = YES;
				GCC_C_LANGUAGE_STANDARD = gnu11;
				GCC_DYNAMIC_NO_PIC = NO;
				GCC_NO_COMMON_BLOCKS = YES;
				GCC_OPTIMIZATION_LEVEL = 0;
				GCC_PREPROCESSOR_DEFINITIONS = (
					"DEBUG=1",
					"$(inherited)",
				);
				GCC_WARN_64_TO_32_BIT_CONVERSION = YES;
				GCC_WARN_ABOUT_RETURN_TYPE = YES_ERROR;
				GCC_WARN_UNDECLARED_SELECTOR = YES;
				GCC_WARN_UNINITIALIZED_AUTOS = YES_AGGRESSIVE;
				GCC_WARN_UNUSED_FUNCTION = YES;
				GCC_WARN_UNUSED_VARIABLE = YES;
				IPHONEOS_DEPLOYMENT_TARGET = 12.2;
				MTL_ENABLE_DEBUG_INFO = INCLUDE_SOURCE;
				MTL_FAST_MATH = YES;
				ONLY_ACTIVE_ARCH = YES;
				SDKROOT = iphoneos;
				SWIFT_ACTIVE_COMPILATION_CONDITIONS = DEBUG;
				SWIFT_OPTIMIZATION_LEVEL = "-Onone";
				SWIFT_VERSION = 5.0;
			};
			name = Debug;
		};
		C61FDBB122E09CBB00D0D4E4 /* Release */ = {
			isa = XCBuildConfiguration;
			buildSettings = {
				ALWAYS_SEARCH_USER_PATHS = NO;
				CLANG_ANALYZER_NONNULL = YES;
				CLANG_ANALYZER_NUMBER_OBJECT_CONVERSION = YES_AGGRESSIVE;
				CLANG_CXX_LANGUAGE_STANDARD = "gnu++14";
				CLANG_CXX_LIBRARY = "libc++";
				CLANG_ENABLE_MODULES = YES;
				CLANG_ENABLE_OBJC_ARC = YES;
				CLANG_ENABLE_OBJC_WEAK = YES;
				CLANG_WARN_BLOCK_CAPTURE_AUTORELEASING = YES;
				CLANG_WARN_BOOL_CONVERSION = YES;
				CLANG_WARN_COMMA = YES;
				CLANG_WARN_CONSTANT_CONVERSION = YES;
				CLANG_WARN_DEPRECATED_OBJC_IMPLEMENTATIONS = YES;
				CLANG_WARN_DIRECT_OBJC_ISA_USAGE = YES_ERROR;
				CLANG_WARN_DOCUMENTATION_COMMENTS = YES;
				CLANG_WARN_EMPTY_BODY = YES;
				CLANG_WARN_ENUM_CONVERSION = YES;
				CLANG_WARN_INFINITE_RECURSION = YES;
				CLANG_WARN_INT_CONVERSION = YES;
				CLANG_WARN_NON_LITERAL_NULL_CONVERSION = YES;
				CLANG_WARN_OBJC_IMPLICIT_RETAIN_SELF = YES;
				CLANG_WARN_OBJC_LITERAL_CONVERSION = YES;
				CLANG_WARN_OBJC_ROOT_CLASS = YES_ERROR;
				CLANG_WARN_RANGE_LOOP_ANALYSIS = YES;
				CLANG_WARN_STRICT_PROTOTYPES = YES;
				CLANG_WARN_SUSPICIOUS_MOVE = YES;
				CLANG_WARN_UNGUARDED_AVAILABILITY = YES_AGGRESSIVE;
				CLANG_WARN_UNREACHABLE_CODE = YES;
				CLANG_WARN__DUPLICATE_METHOD_MATCH = YES;
				CODE_SIGN_IDENTITY = "iPhone Developer";
				COPY_PHASE_STRIP = NO;
				DEBUG_INFORMATION_FORMAT = "dwarf-with-dsym";
				ENABLE_NS_ASSERTIONS = NO;
				ENABLE_STRICT_OBJC_MSGSEND = YES;
				GCC_C_LANGUAGE_STANDARD = gnu11;
				GCC_NO_COMMON_BLOCKS = YES;
				GCC_WARN_64_TO_32_BIT_CONVERSION = YES;
				GCC_WARN_ABOUT_RETURN_TYPE = YES_ERROR;
				GCC_WARN_UNDECLARED_SELECTOR = YES;
				GCC_WARN_UNINITIALIZED_AUTOS = YES_AGGRESSIVE;
				GCC_WARN_UNUSED_FUNCTION = YES;
				GCC_WARN_UNUSED_VARIABLE = YES;
				IPHONEOS_DEPLOYMENT_TARGET = 12.2;
				MTL_ENABLE_DEBUG_INFO = NO;
				MTL_FAST_MATH = YES;
				SDKROOT = iphoneos;
				SWIFT_COMPILATION_MODE = wholemodule;
				SWIFT_OPTIMIZATION_LEVEL = "-O";
				SWIFT_VERSION = 5.0;
				VALIDATE_PRODUCT = YES;
			};
			name = Release;
		};
		C61FDBB322E09CBB00D0D4E4 /* Debug */ = {
			isa = XCBuildConfiguration;
			baseConfigurationReference = FE67C12252101FD10D8D3700 /* Pods-PayStar.debug.xcconfig */;
			buildSettings = {
				ASSETCATALOG_COMPILER_APPICON_NAME = AppIcon;
				CODE_SIGN_STYLE = Automatic;
				DEVELOPMENT_TEAM = DFMWQ4Z26Q;
				INFOPLIST_FILE = "$(SRCROOT)/PayStar/Info.plist";
				LD_RUNPATH_SEARCH_PATHS = (
					"$(inherited)",
					"@executable_path/Frameworks",
				);
				PRODUCT_BUNDLE_IDENTIFIER = com.SwapnaBotta.PayStar;
				PRODUCT_NAME = "$(TARGET_NAME)";
				SWIFT_VERSION = 5.0;
				TARGETED_DEVICE_FAMILY = "1,2";
			};
			name = Debug;
		};
		C61FDBB422E09CBB00D0D4E4 /* Release */ = {
			isa = XCBuildConfiguration;
			baseConfigurationReference = 1A30D82A4689C79E4ED9BD03 /* Pods-PayStar.release.xcconfig */;
			buildSettings = {
				ASSETCATALOG_COMPILER_APPICON_NAME = AppIcon;
				CODE_SIGN_STYLE = Automatic;
				DEVELOPMENT_TEAM = DFMWQ4Z26Q;
				INFOPLIST_FILE = "$(SRCROOT)/PayStar/Info.plist";
				LD_RUNPATH_SEARCH_PATHS = (
					"$(inherited)",
					"@executable_path/Frameworks",
				);
				PRODUCT_BUNDLE_IDENTIFIER = com.SwapnaBotta.PayStar;
				PRODUCT_NAME = "$(TARGET_NAME)";
				SWIFT_VERSION = 5.0;
				TARGETED_DEVICE_FAMILY = "1,2";
			};
			name = Release;
		};
/* End XCBuildConfiguration section */

/* Begin XCConfigurationList section */
		C61FDB9B22E09CB900D0D4E4 /* Build configuration list for PBXProject "PayStar" */ = {
			isa = XCConfigurationList;
			buildConfigurations = (
				C61FDBB022E09CBB00D0D4E4 /* Debug */,
				C61FDBB122E09CBB00D0D4E4 /* Release */,
			);
			defaultConfigurationIsVisible = 0;
			defaultConfigurationName = Release;
		};
		C61FDBB222E09CBB00D0D4E4 /* Build configuration list for PBXNativeTarget "PayStar" */ = {
			isa = XCConfigurationList;
			buildConfigurations = (
				C61FDBB322E09CBB00D0D4E4 /* Debug */,
				C61FDBB422E09CBB00D0D4E4 /* Release */,
			);
			defaultConfigurationIsVisible = 0;
			defaultConfigurationName = Release;
		};
/* End XCConfigurationList section */
	};
	rootObject = C61FDB9822E09CB900D0D4E4 /* Project object */;
}
